
Microsoft Visual Studio Solution File, Format Version 12.00
# Visual Studio 14
VisualStudioVersion = 14.0.25420.1
MinimumVisualStudioVersion = 10.0.40219.1
Project("{FAE04EC0-301F-11D3-BF4B-00C04F79EFBC}") = "WikipediaTests", "WikipediaTests\WikipediaTests.csproj", "{067D0257-896B-4AB6-9AF5-9C3E93E6AA11}"
EndProject
Project("{FAE04EC0-301F-11D3-BF4B-00C04F79EFBC}") = "WikipediaFramework", "WikipediaFramework\WikipediaFramework.csproj", "{E5BA9F1F-D031-4C96-9A48-ADF77D6EB501}"
EndProject
Global
	GlobalSection(SolutionConfigurationPlatforms) = preSolution
		Debug|Any CPU = Debug|Any CPU
		Release|Any CPU = Release|Any CPU
	EndGlobalSection
	GlobalSection(ProjectConfigurationPlatforms) = postSolution
		{067D0257-896B-4AB6-9AF5-9C3E93E6AA11}.Debug|Any CPU.ActiveCfg = Debug|Any CPU
		{067D0257-896B-4AB6-9AF5-9C3E93E6AA11}.Debug|Any CPU.Build.0 = Debug|Any CPU
		{067D0257-896B-4AB6-9AF5-9C3E93E6AA11}.Release|Any CPU.ActiveCfg = Release|Any CPU
		{067D0257-896B-4AB6-9AF5-9C3E93E6AA11}.Release|Any CPU.Build.0 = Release|Any CPU
		{E5BA9F1F-D031-4C96-9A48-ADF77D6EB501}.Debug|Any CPU.ActiveCfg = Debug|Any CPU
		{E5BA9F1F-D031-4C96-9A48-ADF77D6EB501}.Debug|Any CPU.Build.0 = Debug|Any CPU
		{E5BA9F1F-D031-4C96-9A48-ADF77D6EB501}.Release|Any CPU.ActiveCfg = Release|Any CPU
		{E5BA9F1F-D031-4C96-9A48-ADF77D6EB501}.Release|Any CPU.Build.0 = Release|Any CPU
	EndGlobalSection
	GlobalSection(SolutionProperties) = preSolution
		HideSolutionNode = FALSE
	EndGlobalSection
EndGlobal
